
Microsoft Visual Studio Solution File, Format Version 12.00
# Visual Studio Version 17
VisualStudioVersion = 17.8.34525.116
MinimumVisualStudioVersion = 10.0.40219.1
Project("{2150E333-8FDC-42A3-9474-1A3956D46DE8}") = "Grab.A.Seat.Services", "Grab.A.Seat.Services", "{15AD4BEA-1C99-4DF7-BAD7-EF1A0A574F96}"
EndProject
Project("{2150E333-8FDC-42A3-9474-1A3956D46DE8}") = "Grab.A.Seat.Shared", "Grab.A.Seat.Shared", "{06B1BCBD-18A3-4D1C-A15B-8352C2BE93D5}"
EndProject
Project("{9A19103F-16F7-4668-BE54-9A1E7A4F7556}") = "Grab.A.Seat.Domains", "Grab.A.Seat.Domains\Grab.A.Seat.Domains.csproj", "{E5BC2605-FC5D-44D3-9F90-D50BF7AA53F2}"
EndProject
Project("{9A19103F-16F7-4668-BE54-9A1E7A4F7556}") = "Grab.A.Seat.Services.BookingService", "Grab.A.Seat.Services.BookingService\Grab.A.Seat.Services.BookingService.csproj", "{F5916369-C91F-47C0-A46D-43D90E176211}"
EndProject
Project("{9A19103F-16F7-4668-BE54-9A1E7A4F7556}") = "Grab.A.Seat.SharedServices", "Grab.A.Seat.SharedServices\Grab.A.Seat.SharedServices.csproj", "{B4917BD0-E019-45CB-A401-BF2D1EDF8BF0}"
EndProject
Global
	GlobalSection(SolutionConfigurationPlatforms) = preSolution
		Debug|Any CPU = Debug|Any CPU
		Release|Any CPU = Release|Any CPU
	EndGlobalSection
	GlobalSection(ProjectConfigurationPlatforms) = postSolution
		{E5BC2605-FC5D-44D3-9F90-D50BF7AA53F2}.Debug|Any CPU.ActiveCfg = Debug|Any CPU
		{E5BC2605-FC5D-44D3-9F90-D50BF7AA53F2}.Debug|Any CPU.Build.0 = Debug|Any CPU
		{E5BC2605-FC5D-44D3-9F90-D50BF7AA53F2}.Release|Any CPU.ActiveCfg = Release|Any CPU
		{E5BC2605-FC5D-44D3-9F90-D50BF7AA53F2}.Release|Any CPU.Build.0 = Release|Any CPU
		{F5916369-C91F-47C0-A46D-43D90E176211}.Debug|Any CPU.ActiveCfg = Debug|Any CPU
		{F5916369-C91F-47C0-A46D-43D90E176211}.Debug|Any CPU.Build.0 = Debug|Any CPU
		{F5916369-C91F-47C0-A46D-43D90E176211}.Release|Any CPU.ActiveCfg = Release|Any CPU
		{F5916369-C91F-47C0-A46D-43D90E176211}.Release|Any CPU.Build.0 = Release|Any CPU
		{B4917BD0-E019-45CB-A401-BF2D1EDF8BF0}.Debug|Any CPU.ActiveCfg = Debug|Any CPU
		{B4917BD0-E019-45CB-A401-BF2D1EDF8BF0}.Debug|Any CPU.Build.0 = Debug|Any CPU
		{B4917BD0-E019-45CB-A401-BF2D1EDF8BF0}.Release|Any CPU.ActiveCfg = Release|Any CPU
		{B4917BD0-E019-45CB-A401-BF2D1EDF8BF0}.Release|Any CPU.Build.0 = Release|Any CPU
	EndGlobalSection
	GlobalSection(SolutionProperties) = preSolution
		HideSolutionNode = FALSE
	EndGlobalSection
	GlobalSection(NestedProjects) = preSolution
		{E5BC2605-FC5D-44D3-9F90-D50BF7AA53F2} = {06B1BCBD-18A3-4D1C-A15B-8352C2BE93D5}
		{F5916369-C91F-47C0-A46D-43D90E176211} = {15AD4BEA-1C99-4DF7-BAD7-EF1A0A574F96}
		{B4917BD0-E019-45CB-A401-BF2D1EDF8BF0} = {06B1BCBD-18A3-4D1C-A15B-8352C2BE93D5}
	EndGlobalSection
	GlobalSection(ExtensibilityGlobals) = postSolution
		SolutionGuid = {93A6B970-E174-43CF-8B4B-E30AA40EB4BE}
	EndGlobalSection
EndGlobal
